
Microsoft Visual Studio Solution File, Format Version 12.00
# Visual Studio Version 17
VisualStudioVersion = 17.5.33530.505
MinimumVisualStudioVersion = 10.0.40219.1
Project("{FAE04EC0-301F-11D3-BF4B-00C04F79EFBC}") = "Cau2", "Cau2\Cau2.csproj", "{15A3EE5F-D69E-4E91-9746-CE2F3A8FD482}"
EndProject
Global
	GlobalSection(SolutionConfigurationPlatforms) = preSolution
		Debug|Any CPU = Debug|Any CPU
		Release|Any CPU = Release|Any CPU
	EndGlobalSection
	GlobalSection(ProjectConfigurationPlatforms) = postSolution
		{15A3EE5F-D69E-4E91-9746-CE2F3A8FD482}.Debug|Any CPU.ActiveCfg = Debug|Any CPU
		{15A3EE5F-D69E-4E91-9746-CE2F3A8FD482}.Debug|Any CPU.Build.0 = Debug|Any CPU
		{15A3EE5F-D69E-4E91-9746-CE2F3A8FD482}.Release|Any CPU.ActiveCfg = Release|Any CPU
		{15A3EE5F-D69E-4E91-9746-CE2F3A8FD482}.Release|Any CPU.Build.0 = Release|Any CPU
	EndGlobalSection
	GlobalSection(SolutionProperties) = preSolution
		HideSolutionNode = FALSE
	EndGlobalSection
	GlobalSection(ExtensibilityGlobals) = postSolution
		SolutionGuid = {010E10EA-DC60-4A67-B62D-24FCD73D8201}
	EndGlobalSection
EndGlobal
